
Microsoft Visual Studio Solution File, Format Version 12.00
# Visual Studio Version 17
VisualStudioVersion = 17.11.35312.102
MinimumVisualStudioVersion = 10.0.40219.1
Project("{FAE04EC0-301F-11D3-BF4B-00C04F79EFBC}") = "GenericsHomework", "GenericsHomework\GenericsHomework.csproj", "{D29E189D-D62B-4A98-A186-A1875FC1C5BE}"
EndProject
Global
	GlobalSection(SolutionConfigurationPlatforms) = preSolution
		Debug|Any CPU = Debug|Any CPU
		Release|Any CPU = Release|Any CPU
	EndGlobalSection
	GlobalSection(ProjectConfigurationPlatforms) = postSolution
		{D29E189D-D62B-4A98-A186-A1875FC1C5BE}.Debug|Any CPU.ActiveCfg = Debug|Any CPU
		{D29E189D-D62B-4A98-A186-A1875FC1C5BE}.Debug|Any CPU.Build.0 = Debug|Any CPU
		{D29E189D-D62B-4A98-A186-A1875FC1C5BE}.Release|Any CPU.ActiveCfg = Release|Any CPU
		{D29E189D-D62B-4A98-A186-A1875FC1C5BE}.Release|Any CPU.Build.0 = Release|Any CPU
	EndGlobalSection
	GlobalSection(SolutionProperties) = preSolution
		HideSolutionNode = FALSE
	EndGlobalSection
	GlobalSection(ExtensibilityGlobals) = postSolution
		SolutionGuid = {8E9F782D-07BC-4006-B450-C0AE898CD633}
	EndGlobalSection
EndGlobal
